
Microsoft Visual Studio Solution File, Format Version 12.00
# Visual Studio Version 17
VisualStudioVersion = 17.9.34723.18
MinimumVisualStudioVersion = 10.0.40219.1
Project("{FAE04EC0-301F-11D3-BF4B-00C04F79EFBC}") = "SuperHeroAPI", "SuperHeroAPI.csproj", "{FE278DC9-26BB-4C90-BEB3-A7013990D8CC}"
EndProject
Global
	GlobalSection(SolutionConfigurationPlatforms) = preSolution
		Debug|Any CPU = Debug|Any CPU
		Release|Any CPU = Release|Any CPU
	EndGlobalSection
	GlobalSection(ProjectConfigurationPlatforms) = postSolution
		{FE278DC9-26BB-4C90-BEB3-A7013990D8CC}.Debug|Any CPU.ActiveCfg = Debug|Any CPU
		{FE278DC9-26BB-4C90-BEB3-A7013990D8CC}.Debug|Any CPU.Build.0 = Debug|Any CPU
		{FE278DC9-26BB-4C90-BEB3-A7013990D8CC}.Release|Any CPU.ActiveCfg = Release|Any CPU
		{FE278DC9-26BB-4C90-BEB3-A7013990D8CC}.Release|Any CPU.Build.0 = Release|Any CPU
	EndGlobalSection
	GlobalSection(SolutionProperties) = preSolution
		HideSolutionNode = FALSE
	EndGlobalSection
	GlobalSection(ExtensibilityGlobals) = postSolution
		SolutionGuid = {65729F50-E102-4BA6-997B-05FE4E837663}
	EndGlobalSection
EndGlobal
